{
  "name": "health-counter",
  "version": "1.0.0",
  "lockfileVersion": 1,
  "requires": true,
  "dependencies": {
    "deep-copy-object": {
      "version": "1.0.2",
      "resolved": "https://registry.npmjs.org/deep-copy-object/-/deep-copy-object-1.0.2.tgz",
      "integrity": "sha512-plFZqjN2jrwUC/2UN1Updp9tbcgAFDz1T+St5YKJgSX2S6+DYH99C8XjgxioISPguQz5UGTztAQm4DPCoAGBoQ=="
    }
  }
}
